PODS:
  - FlutterMacOS (1.0.0)
  - rust_lib_libgodot (0.0.1):
    - FlutterMacOS

DEPENDENCIES:
  - FlutterMacOS (from `Flutter/ephemeral`)
  - rust_lib_libgodot (from `Flutter/ephemeral/.symlinks/plugins/rust_lib_libgodot/macos`)

EXTERNAL SOURCES:
  FlutterMacOS:
    :path: Flutter/ephemeral
  rust_lib_libgodot:
    :path: Flutter/ephemeral/.symlinks/plugins/rust_lib_libgodot/macos

SPEC CHECKSUMS:
  FlutterMacOS: d0db08ddef1a9af05a5ec4b724367152bb0500b1
  rust_lib_libgodot: 81a84130cf1975db19bca6c4e7bd6c77fbe2e062

PODFILE CHECKSUM: 54d867c82ac51cbd61b565781b9fada492027009

COCOAPODS: 1.16.2
