PODS:
  - FlutterMacOS (1.0.0)
  - libgodot (0.0.1):
    - libgodot/Core (= 0.0.1)
    - libgodot/Engine (= 0.0.1)
  - libgodot/Core (0.0.1):
    - FlutterMacOS
  - libgodot/Engine (0.0.1):
    - FlutterMacOS

DEPENDENCIES:
  - FlutterMacOS (from `Flutter/ephemeral`)
  - libgodot (from `Flutter/ephemeral/.symlinks/plugins/libgodot/macos`)

EXTERNAL SOURCES:
  FlutterMacOS:
    :path: Flutter/ephemeral
  libgodot:
    :path: Flutter/ephemeral/.symlinks/plugins/libgodot/macos

SPEC CHECKSUMS:
  FlutterMacOS: d0db08ddef1a9af05a5ec4b724367152bb0500b1
  libgodot: b107e467aa1486796dfefdc4d0963eae1e86a0c0

PODFILE CHECKSUM: 9ab841ed6d23f85e74d528125910be926728418e

COCOAPODS: 1.16.2
